
Microsoft Visual Studio Solution File, Format Version 12.00
# Visual Studio Version 17
VisualStudioVersion = 17.3.32804.467
MinimumVisualStudioVersion = 10.0.40219.1
Project("{FAE04EC0-301F-11D3-BF4B-00C04F79EFBC}") = "Ucak_Rezervasyon_SİSTEMİ_proje2", "Ucak_Rezervasyon_SİSTEMİ_proje2\Ucak_Rezervasyon_SİSTEMİ_proje2.csproj", "{AEFFC241-13B8-4455-97CD-E6DC963511BC}"
EndProject
Global
	GlobalSection(SolutionConfigurationPlatforms) = preSolution
		Debug|Any CPU = Debug|Any CPU
		Release|Any CPU = Release|Any CPU
	EndGlobalSection
	GlobalSection(ProjectConfigurationPlatforms) = postSolution
		{AEFFC241-13B8-4455-97CD-E6DC963511BC}.Debug|Any CPU.ActiveCfg = Debug|Any CPU
		{AEFFC241-13B8-4455-97CD-E6DC963511BC}.Debug|Any CPU.Build.0 = Debug|Any CPU
		{AEFFC241-13B8-4455-97CD-E6DC963511BC}.Release|Any CPU.ActiveCfg = Release|Any CPU
		{AEFFC241-13B8-4455-97CD-E6DC963511BC}.Release|Any CPU.Build.0 = Release|Any CPU
	EndGlobalSection
	GlobalSection(SolutionProperties) = preSolution
		HideSolutionNode = FALSE
	EndGlobalSection
	GlobalSection(ExtensibilityGlobals) = postSolution
		SolutionGuid = {3CB38A77-AAC0-4F26-B97C-CBEA5746B63B}
	EndGlobalSection
EndGlobal
